
Microsoft Visual Studio Solution File, Format Version 12.00
# Visual Studio 2013
VisualStudioVersion = 12.0.30501.0
MinimumVisualStudioVersion = 10.0.40219.1
Project("{FAE04EC0-301F-11D3-BF4B-00C04F79EFBC}") = "List9.Model", "List9.Model\List9.Model.csproj", "{CC893ABB-4318-4CD6-AD50-A540BBB2E00A}"
EndProject
Project("{FAE04EC0-301F-11D3-BF4B-00C04F79EFBC}") = "List9.Data", "List9.Data\List9.Data.csproj", "{82458D56-08B9-4ECD-B47C-23C40C3E6C74}"
EndProject
Project("{FAE04EC0-301F-11D3-BF4B-00C04F79EFBC}") = "List9.Api", "List9.Api\List9.Api.csproj", "{EADCA557-2034-4BC4-AEA7-8EEE992EF159}"
EndProject
Project("{FAE04EC0-301F-11D3-BF4B-00C04F79EFBC}") = "List9.Web", "List9.Web\List9.Web.csproj", "{8290E8AC-9D36-4638-ADF1-13356E6A2B15}"
EndProject
Global
	GlobalSection(SolutionConfigurationPlatforms) = preSolution
		Debug|Any CPU = Debug|Any CPU
		Release|Any CPU = Release|Any CPU
	EndGlobalSection
	GlobalSection(ProjectConfigurationPlatforms) = postSolution
		{CC893ABB-4318-4CD6-AD50-A540BBB2E00A}.Debug|Any CPU.ActiveCfg = Debug|Any CPU
		{CC893ABB-4318-4CD6-AD50-A540BBB2E00A}.Debug|Any CPU.Build.0 = Debug|Any CPU
		{CC893ABB-4318-4CD6-AD50-A540BBB2E00A}.Release|Any CPU.ActiveCfg = Release|Any CPU
		{CC893ABB-4318-4CD6-AD50-A540BBB2E00A}.Release|Any CPU.Build.0 = Release|Any CPU
		{82458D56-08B9-4ECD-B47C-23C40C3E6C74}.Debug|Any CPU.ActiveCfg = Debug|Any CPU
		{82458D56-08B9-4ECD-B47C-23C40C3E6C74}.Debug|Any CPU.Build.0 = Debug|Any CPU
		{82458D56-08B9-4ECD-B47C-23C40C3E6C74}.Release|Any CPU.ActiveCfg = Release|Any CPU
		{82458D56-08B9-4ECD-B47C-23C40C3E6C74}.Release|Any CPU.Build.0 = Release|Any CPU
		{EADCA557-2034-4BC4-AEA7-8EEE992EF159}.Debug|Any CPU.ActiveCfg = Debug|Any CPU
		{EADCA557-2034-4BC4-AEA7-8EEE992EF159}.Debug|Any CPU.Build.0 = Debug|Any CPU
		{EADCA557-2034-4BC4-AEA7-8EEE992EF159}.Release|Any CPU.ActiveCfg = Release|Any CPU
		{EADCA557-2034-4BC4-AEA7-8EEE992EF159}.Release|Any CPU.Build.0 = Release|Any CPU
		{8290E8AC-9D36-4638-ADF1-13356E6A2B15}.Debug|Any CPU.ActiveCfg = Debug|Any CPU
		{8290E8AC-9D36-4638-ADF1-13356E6A2B15}.Debug|Any CPU.Build.0 = Debug|Any CPU
		{8290E8AC-9D36-4638-ADF1-13356E6A2B15}.Release|Any CPU.ActiveCfg = Release|Any CPU
		{8290E8AC-9D36-4638-ADF1-13356E6A2B15}.Release|Any CPU.Build.0 = Release|Any CPU
	EndGlobalSection
	GlobalSection(SolutionProperties) = preSolution
		HideSolutionNode = FALSE
	EndGlobalSection
EndGlobal
